dependencies:
- name: infrastructure
  repository: https://kaimeng.github.io/helm-repo
  version: 0.0.1
- name: application
  repository: https://kaimeng.github.io/helm-repo
  version: 0.0.1
- name: activiti-cloud-modeling
  repository: https://kaimeng.github.io/helm-repo
  version: 0.0.1
- name: activiti-cloud-demo-ui
  repository: https://kaimeng.github.io/helm-repo
  version: 0.0.1
- name: activiti-runtime-bundle
  repository: https://kaimeng.github.io/helm-repo
  version: 0.0.1
- name: activiti-cloud-connector
  repository: https://kaimeng.github.io/helm-repo
  version: 0.0.1
digest: sha256:d265f42e725a9b0cf952114af0cfb6caa34f978aae9e13f417de5c784d1e4e7e
generated: "2019-08-26T16:40:30.867989+08:00"
