dependencies:
- name: activiti-cloud-query
  repository: https://kaimeng.github.io/helm-repo
  version: 0.0.1-SS
- name: activiti-cloud-audit
  repository: https://kaimeng.github.io/helm-repo
  version: 0.0.1-SS
- name: rabbitmq-ha
  repository: https://kubernetes-charts.storage.googleapis.com
  version: 1.19.0
- name: postgresql
  repository: https://kubernetes-charts.storage.googleapis.com
  version: 3.11.3
- name: activiti-cloud-demo-ui
  repository: https://kaimeng.github.io/helm-repo
  version: 0.0.1-SS
- name: activiti-runtime-bundle
  repository: https://kaimeng.github.io/helm-repo
  version: 0.0.1-SS
- name: activiti-cloud-connector
  repository: https://kaimeng.github.io/helm-repo
  version: 0.0.1-SS
- name: activiti-cloud-events-adapter
  repository: https://kaimeng.github.io/helm-repo
  version: 0.0.1-SS
- name: activiti-cloud-notifications-graphql
  repository: https://kaimeng.github.io/helm-repo
  version: 0.0.1-SS
digest: sha256:02dfe12c1931b2fe5cebfc2d51bc9f9ea79cccb542762ffda1511f54337c6fbc
generated: "2019-07-30T15:38:06.533285+08:00"
