dependencies:
- name: activiti-cloud-query
  repository: https://kaimeng.github.io/helm-repo
  version: 0.0.1
- name: activiti-cloud-audit
  repository: https://kaimeng.github.io/helm-repo
  version: 0.0.1
- name: rabbitmq-ha
  repository: https://kubernetes-charts.storage.googleapis.com
  version: 1.19.0
- name: postgresql
  repository: https://kubernetes-charts.storage.googleapis.com
  version: 3.11.3
- name: activiti-cloud-events-adapter
  repository: https://kaimeng.github.io/helm-repo
  version: 0.0.1
- name: activiti-cloud-notifications-graphql
  repository: https://kaimeng.github.io/helm-repo
  version: 0.0.1
digest: sha256:a5f873c02cd3aa8bdc9b619d01d166767057a111c5e911cb0787f670fe484ba4
generated: "2019-07-31T09:06:33.850782+08:00"
